
Microsoft Visual Studio Solution File, Format Version 12.00
# Visual Studio Version 17
VisualStudioVersion = 17.3.32825.248
MinimumVisualStudioVersion = 10.0.40219.1
Project("{FAE04EC0-301F-11D3-BF4B-00C04F79EFBC}") = "HotelFinder.Entities", "HotelFinder.Entities\HotelFinder.Entities.csproj", "{D0D6F14E-A651-49D6-A4C7-9ECC064B2232}"
EndProject
Project("{FAE04EC0-301F-11D3-BF4B-00C04F79EFBC}") = "HotelFinder.DataAccess", "HotelFinder.DataAccess\HotelFinder.DataAccess.csproj", "{79E7AC8C-7E62-404E-B268-5C88C5FE6A9E}"
EndProject
Project("{FAE04EC0-301F-11D3-BF4B-00C04F79EFBC}") = "HotelFinder.Business", "HotelFinder.Business\HotelFinder.Business.csproj", "{FA9D1F04-7A4B-4DE5-A21A-D42E5118F8B7}"
EndProject
Project("{FAE04EC0-301F-11D3-BF4B-00C04F79EFBC}") = "HotelFinder.Api", "HotelFinder.Api\HotelFinder.Api.csproj", "{D3665064-E2E9-4D75-A798-DCF35416332B}"
EndProject
Global
	GlobalSection(SolutionConfigurationPlatforms) = preSolution
		Debug|Any CPU = Debug|Any CPU
		Release|Any CPU = Release|Any CPU
	EndGlobalSection
	GlobalSection(ProjectConfigurationPlatforms) = postSolution
		{D0D6F14E-A651-49D6-A4C7-9ECC064B2232}.Debug|Any CPU.ActiveCfg = Debug|Any CPU
		{D0D6F14E-A651-49D6-A4C7-9ECC064B2232}.Debug|Any CPU.Build.0 = Debug|Any CPU
		{D0D6F14E-A651-49D6-A4C7-9ECC064B2232}.Release|Any CPU.ActiveCfg = Release|Any CPU
		{D0D6F14E-A651-49D6-A4C7-9ECC064B2232}.Release|Any CPU.Build.0 = Release|Any CPU
		{79E7AC8C-7E62-404E-B268-5C88C5FE6A9E}.Debug|Any CPU.ActiveCfg = Debug|Any CPU
		{79E7AC8C-7E62-404E-B268-5C88C5FE6A9E}.Debug|Any CPU.Build.0 = Debug|Any CPU
		{79E7AC8C-7E62-404E-B268-5C88C5FE6A9E}.Release|Any CPU.ActiveCfg = Release|Any CPU
		{79E7AC8C-7E62-404E-B268-5C88C5FE6A9E}.Release|Any CPU.Build.0 = Release|Any CPU
		{FA9D1F04-7A4B-4DE5-A21A-D42E5118F8B7}.Debug|Any CPU.ActiveCfg = Debug|Any CPU
		{FA9D1F04-7A4B-4DE5-A21A-D42E5118F8B7}.Debug|Any CPU.Build.0 = Debug|Any CPU
		{FA9D1F04-7A4B-4DE5-A21A-D42E5118F8B7}.Release|Any CPU.ActiveCfg = Release|Any CPU
		{FA9D1F04-7A4B-4DE5-A21A-D42E5118F8B7}.Release|Any CPU.Build.0 = Release|Any CPU
		{D3665064-E2E9-4D75-A798-DCF35416332B}.Debug|Any CPU.ActiveCfg = Debug|Any CPU
		{D3665064-E2E9-4D75-A798-DCF35416332B}.Debug|Any CPU.Build.0 = Debug|Any CPU
		{D3665064-E2E9-4D75-A798-DCF35416332B}.Release|Any CPU.ActiveCfg = Release|Any CPU
		{D3665064-E2E9-4D75-A798-DCF35416332B}.Release|Any CPU.Build.0 = Release|Any CPU
	EndGlobalSection
	GlobalSection(SolutionProperties) = preSolution
		HideSolutionNode = FALSE
	EndGlobalSection
	GlobalSection(ExtensibilityGlobals) = postSolution
		SolutionGuid = {9A124680-85DD-470E-99C2-01E6035104EC}
	EndGlobalSection
EndGlobal
